
Microsoft Visual Studio Solution File, Format Version 12.00
# Visual Studio Version 17
VisualStudioVersion = 17.8.34309.116
MinimumVisualStudioVersion = 10.0.40219.1
Project("{FAE04EC0-301F-11D3-BF4B-00C04F79EFBC}") = "course-project", "course-project\course-project.csproj", "{DAB67D3B-1F35-4C59-8D5A-BEE55D93E9DA}"
EndProject
Global
	GlobalSection(SolutionConfigurationPlatforms) = preSolution
		Debug|Any CPU = Debug|Any CPU
		Release|Any CPU = Release|Any CPU
	EndGlobalSection
	GlobalSection(ProjectConfigurationPlatforms) = postSolution
		{DAB67D3B-1F35-4C59-8D5A-BEE55D93E9DA}.Debug|Any CPU.ActiveCfg = Debug|Any CPU
		{DAB67D3B-1F35-4C59-8D5A-BEE55D93E9DA}.Debug|Any CPU.Build.0 = Debug|Any CPU
		{DAB67D3B-1F35-4C59-8D5A-BEE55D93E9DA}.Release|Any CPU.ActiveCfg = Release|Any CPU
		{DAB67D3B-1F35-4C59-8D5A-BEE55D93E9DA}.Release|Any CPU.Build.0 = Release|Any CPU
	EndGlobalSection
	GlobalSection(SolutionProperties) = preSolution
		HideSolutionNode = FALSE
	EndGlobalSection
	GlobalSection(ExtensibilityGlobals) = postSolution
		SolutionGuid = {E9A4EF9C-2C4E-431F-8611-307B9D67C5C0}
	EndGlobalSection
EndGlobal
